
Microsoft Visual Studio Solution File, Format Version 12.00
# Visual Studio Version 17
VisualStudioVersion = 17.2.32602.215
MinimumVisualStudioVersion = 10.0.40219.1
Project("{FAE04EC0-301F-11D3-BF4B-00C04F79EFBC}") = "LogicalPrograms", "LogicalPrograms.csproj", "{98EA26D2-41CB-43E8-B64A-EAF4C87E88AB}"
EndProject
Global
	GlobalSection(SolutionConfigurationPlatforms) = preSolution
		Debug|Any CPU = Debug|Any CPU
		Release|Any CPU = Release|Any CPU
	EndGlobalSection
	GlobalSection(ProjectConfigurationPlatforms) = postSolution
		{98EA26D2-41CB-43E8-B64A-EAF4C87E88AB}.Debug|Any CPU.ActiveCfg = Debug|Any CPU
		{98EA26D2-41CB-43E8-B64A-EAF4C87E88AB}.Debug|Any CPU.Build.0 = Debug|Any CPU
		{98EA26D2-41CB-43E8-B64A-EAF4C87E88AB}.Release|Any CPU.ActiveCfg = Release|Any CPU
		{98EA26D2-41CB-43E8-B64A-EAF4C87E88AB}.Release|Any CPU.Build.0 = Release|Any CPU
	EndGlobalSection
	GlobalSection(SolutionProperties) = preSolution
		HideSolutionNode = FALSE
	EndGlobalSection
	GlobalSection(ExtensibilityGlobals) = postSolution
		SolutionGuid = {913AA22C-3793-497F-8F65-C72406CA5E65}
	EndGlobalSection
EndGlobal
